
Microsoft Visual Studio Solution File, Format Version 12.00
# Visual Studio Version 16
VisualStudioVersion = 16.0.29215.179
MinimumVisualStudioVersion = 10.0.40219.1
Project("{FAE04EC0-301F-11D3-BF4B-00C04F79EFBC}") = "User.Api", "User.Api\User.Api.csproj", "{A0C53FD5-36D7-4C92-B9C7-1B5819825622}"
	ProjectSection(ProjectDependencies) = postProject
		{D07BDAE1-1F8C-4F13-B474-D2E2809B9DE3} = {D07BDAE1-1F8C-4F13-B474-D2E2809B9DE3}
	EndProjectSection
EndProject
Project("{FAE04EC0-301F-11D3-BF4B-00C04F79EFBC}") = "User.Library", "User.Library\User.Library.csproj", "{D07BDAE1-1F8C-4F13-B474-D2E2809B9DE3}"
EndProject
Global
	GlobalSection(SolutionConfigurationPlatforms) = preSolution
		Debug|Any CPU = Debug|Any CPU
		Release|Any CPU = Release|Any CPU
	EndGlobalSection
	GlobalSection(ProjectConfigurationPlatforms) = postSolution
		{A0C53FD5-36D7-4C92-B9C7-1B5819825622}.Debug|Any CPU.ActiveCfg = Debug|Any CPU
		{A0C53FD5-36D7-4C92-B9C7-1B5819825622}.Debug|Any CPU.Build.0 = Debug|Any CPU
		{A0C53FD5-36D7-4C92-B9C7-1B5819825622}.Release|Any CPU.ActiveCfg = Release|Any CPU
		{A0C53FD5-36D7-4C92-B9C7-1B5819825622}.Release|Any CPU.Build.0 = Release|Any CPU
		{D07BDAE1-1F8C-4F13-B474-D2E2809B9DE3}.Debug|Any CPU.ActiveCfg = Debug|Any CPU
		{D07BDAE1-1F8C-4F13-B474-D2E2809B9DE3}.Debug|Any CPU.Build.0 = Debug|Any CPU
		{D07BDAE1-1F8C-4F13-B474-D2E2809B9DE3}.Release|Any CPU.ActiveCfg = Release|Any CPU
		{D07BDAE1-1F8C-4F13-B474-D2E2809B9DE3}.Release|Any CPU.Build.0 = Release|Any CPU
	EndGlobalSection
	GlobalSection(SolutionProperties) = preSolution
		HideSolutionNode = FALSE
	EndGlobalSection
	GlobalSection(ExtensibilityGlobals) = postSolution
		SolutionGuid = {996CDED4-A0A0-4656-A2B1-A359AF025FC2}
	EndGlobalSection
EndGlobal
